
Microsoft Visual Studio Solution File, Format Version 12.00
# Visual Studio Version 17
VisualStudioVersion = 17.10.34928.147
MinimumVisualStudioVersion = 10.0.40219.1
Project("{FAE04EC0-301F-11D3-BF4B-00C04F79EFBC}") = "Poker", "Poker\Poker.csproj", "{6B8C6B77-AF04-454A-8146-F7EF5DCD8381}"
EndProject
Global
	GlobalSection(SolutionConfigurationPlatforms) = preSolution
		Debug|Any CPU = Debug|Any CPU
		Release|Any CPU = Release|Any CPU
	EndGlobalSection
	GlobalSection(ProjectConfigurationPlatforms) = postSolution
		{6B8C6B77-AF04-454A-8146-F7EF5DCD8381}.Debug|Any CPU.ActiveCfg = Debug|Any CPU
		{6B8C6B77-AF04-454A-8146-F7EF5DCD8381}.Debug|Any CPU.Build.0 = Debug|Any CPU
		{6B8C6B77-AF04-454A-8146-F7EF5DCD8381}.Release|Any CPU.ActiveCfg = Release|Any CPU
		{6B8C6B77-AF04-454A-8146-F7EF5DCD8381}.Release|Any CPU.Build.0 = Release|Any CPU
	EndGlobalSection
	GlobalSection(SolutionProperties) = preSolution
		HideSolutionNode = FALSE
	EndGlobalSection
	GlobalSection(ExtensibilityGlobals) = postSolution
		SolutionGuid = {7D3EDC89-EB3E-433B-A477-FBE4DB4B2994}
	EndGlobalSection
EndGlobal
